
Microsoft Visual Studio Solution File, Format Version 12.00
# Visual Studio Version 16
VisualStudioVersion = 16.0.30503.244
MinimumVisualStudioVersion = 10.0.40219.1
Project("{8BC9CEB8-8B4A-11D0-8D11-00A0C91BC942}") = "LinkList", "LinkList\LinkList.vcxproj", "{F0414377-F69C-46D8-9CC6-0D6E04873D5B}"
EndProject
Project("{8BC9CEB8-8B4A-11D0-8D11-00A0C91BC942}") = "SequentList", "SequentList\SequentList.vcxproj", "{E53B0C2E-08C1-4AE1-8229-ADC928F2F1E3}"
EndProject
Project("{8BC9CEB8-8B4A-11D0-8D11-00A0C91BC942}") = "Test", "Test\Test.vcxproj", "{B53022E4-9B9D-4066-9DFB-B6EEA27BF90D}"
EndProject
Project("{8BC9CEB8-8B4A-11D0-8D11-00A0C91BC942}") = "Stack", "Stack\Stack.vcxproj", "{81CA4D38-B6E0-45A5-8D14-1AEA96B5FE4D}"
EndProject
Project("{8BC9CEB8-8B4A-11D0-8D11-00A0C91BC942}") = "Queue", "Queue\Queue.vcxproj", "{35081B56-BD5F-47AB-ABE2-7E463E800229}"
EndProject
Project("{8BC9CEB8-8B4A-11D0-8D11-00A0C91BC942}") = "QueueTest", "QueueTest\QueueTest.vcxproj", "{0C0874D4-0C0A-44D1-8F15-70101CB96F53}"
EndProject
Project("{2150E333-8FDC-42A3-9474-1A3956D46DE8}") = "1.Sequent List", "1.Sequent List", "{F88E1D50-DDD7-4E03-8D83-06704E947A65}"
EndProject
Project("{2150E333-8FDC-42A3-9474-1A3956D46DE8}") = "2.Link List", "2.Link List", "{42AFB020-76E0-486E-9F30-01C1AB624185}"
EndProject
Project("{2150E333-8FDC-42A3-9474-1A3956D46DE8}") = "3.Stack", "3.Stack", "{9993C9E3-3AAA-4354-9A8A-7D85C59495AC}"
EndProject
Project("{2150E333-8FDC-42A3-9474-1A3956D46DE8}") = "2.Tree", "2.Tree", "{33281ABA-70E1-4532-A156-026BAA021237}"
EndProject
Project("{8BC9CEB8-8B4A-11D0-8D11-00A0C91BC942}") = "BinaryTree", "BinaryTree\BinaryTree.vcxproj", "{9FC5A181-DD6E-42C1-8A8B-D24FE86BBC1E}"
EndProject
Project("{2150E333-8FDC-42A3-9474-1A3956D46DE8}") = "1.LinearList", "1.LinearList", "{79D511EB-2809-4CA3-B91C-E8949200E1C5}"
EndProject
Project("{8BC9CEB8-8B4A-11D0-8D11-00A0C91BC942}") = "List", "List\List.vcxproj", "{D30FF74D-EF12-4F4A-9A1E-3F3282EA2C76}"
EndProject
Project("{8BC9CEB8-8B4A-11D0-8D11-00A0C91BC942}") = "ListTest", "ListTest\ListTest.vcxproj", "{E7E46232-DD8A-4A86-A710-8F5BDE3D022F}"
EndProject
Project("{8BC9CEB8-8B4A-11D0-8D11-00A0C91BC942}") = "BinaryTreeTest", "BinaryTreeTest\BinaryTreeTest.vcxproj", "{9522DD48-301F-4FB7-A970-8C306B1BAE83}"
EndProject
Project("{2150E333-8FDC-42A3-9474-1A3956D46DE8}") = "Homework", "Homework", "{5F628718-5900-4CAA-BEF9-52D0D405158B}"
EndProject
Project("{8BC9CEB8-8B4A-11D0-8D11-00A0C91BC942}") = "Homework", "E:\学习\大二上\数据结构\Homework\Homework.vcxproj", "{6BC08DB1-4A60-4EE3-BB26-BB15FA583981}"
EndProject
Project("{2150E333-8FDC-42A3-9474-1A3956D46DE8}") = "0.Library", "0.Library", "{A21F3DCC-D578-4CA2-9B06-313C601F9EFC}"
EndProject
Project("{8BC9CEB8-8B4A-11D0-8D11-00A0C91BC942}") = "CommonLibrary", "CommonLibrary\CommonLibrary.vcxproj", "{D1DEDA88-0098-44EF-B28B-727C5EBA2D82}"
EndProject
Project("{8BC9CEB8-8B4A-11D0-8D11-00A0C91BC942}") = "HuffmanTreeTest", "HuffmanTreeTest\HuffmanTreeTest.vcxproj", "{DA9AA96E-9C65-4493-8DFB-98A27D9678C9}"
EndProject
Project("{8BC9CEB8-8B4A-11D0-8D11-00A0C91BC942}") = "ThreadedBinaryTreeTest", "ThreadedBinaryTreeTest\ThreadedBinaryTreeTest.vcxproj", "{0E05C547-7DBA-43CB-9A37-DFB94BD09674}"
EndProject
Project("{2150E333-8FDC-42A3-9474-1A3956D46DE8}") = "3.Graph", "3.Graph", "{81390408-5556-48E5-B842-4DEA04FA36ED}"
EndProject
Project("{8BC9CEB8-8B4A-11D0-8D11-00A0C91BC942}") = "Graph", "Graph\Graph.vcxproj", "{7E16D150-866D-4EAE-B9C4-007753CA07A6}"
EndProject
Project("{8BC9CEB8-8B4A-11D0-8D11-00A0C91BC942}") = "MultipleTree", "MultipleTree\MultipleTree.vcxproj", "{6CAC3782-F669-465A-B1F6-DE910140CCDA}"
EndProject
Project("{8BC9CEB8-8B4A-11D0-8D11-00A0C91BC942}") = "MultipleTreeTest", "MultipleTreeTest\MultipleTreeTest.vcxproj", "{6D23EF0F-3136-4400-96BD-F59DD2DCFA4A}"
EndProject
Project("{8BC9CEB8-8B4A-11D0-8D11-00A0C91BC942}") = "GraphTest", "GraphTest\GraphTest.vcxproj", "{C0F9EABB-A5B8-4741-A717-02B034C8399B}"
EndProject
Project("{8BC9CEB8-8B4A-11D0-8D11-00A0C91BC942}") = "AVL", "AVL\AVL.vcxproj", "{B986E91E-500D-42C7-B9E0-B637515CD7FC}"
EndProject
Project("{8BC9CEB8-8B4A-11D0-8D11-00A0C91BC942}") = "AVLTest", "AVLTest\AVLTest.vcxproj", "{21C706A6-B5F0-4148-AF68-046C37B6963E}"
EndProject
Project("{2150E333-8FDC-42A3-9474-1A3956D46DE8}") = "4.Algorithm", "4.Algorithm", "{4BED67CA-D337-4A06-BC72-9EF7FEB8AD33}"
EndProject
Project("{8BC9CEB8-8B4A-11D0-8D11-00A0C91BC942}") = "Sorting", "Sorting\Sorting.vcxproj", "{6B8D228A-826C-4713-9FED-325EBF24A40B}"
EndProject
Project("{8BC9CEB8-8B4A-11D0-8D11-00A0C91BC942}") = "SortingTest", "SortingTest\SortingTest.vcxproj", "{A785E275-CFCB-4621-BDCE-4EF76B0AD06F}"
EndProject
Project("{8BC9CEB8-8B4A-11D0-8D11-00A0C91BC942}") = "Random", "Random\Random.vcxproj", "{4F7426E5-1FC0-4AB3-A4A3-316D16A0A26A}"
EndProject
Project("{8BC9CEB8-8B4A-11D0-8D11-00A0C91BC942}") = "Alias", "Alias\Alias.vcxproj", "{C44114B5-7360-43A0-92B8-F01555964776}"
EndProject
Global
	GlobalSection(SolutionConfigurationPlatforms) = preSolution
		Debug|x64 = Debug|x64
		Debug|x86 = Debug|x86
		Release|x64 = Release|x64
		Release|x86 = Release|x86
	EndGlobalSection
	GlobalSection(ProjectConfigurationPlatforms) = postSolution
		{F0414377-F69C-46D8-9CC6-0D6E04873D5B}.Debug|x64.ActiveCfg = Debug|x64
		{F0414377-F69C-46D8-9CC6-0D6E04873D5B}.Debug|x64.Build.0 = Debug|x64
		{F0414377-F69C-46D8-9CC6-0D6E04873D5B}.Debug|x86.ActiveCfg = Debug|Win32
		{F0414377-F69C-46D8-9CC6-0D6E04873D5B}.Debug|x86.Build.0 = Debug|Win32
		{F0414377-F69C-46D8-9CC6-0D6E04873D5B}.Release|x64.ActiveCfg = Release|x64
		{F0414377-F69C-46D8-9CC6-0D6E04873D5B}.Release|x64.Build.0 = Release|x64
		{F0414377-F69C-46D8-9CC6-0D6E04873D5B}.Release|x86.ActiveCfg = Release|Win32
		{F0414377-F69C-46D8-9CC6-0D6E04873D5B}.Release|x86.Build.0 = Release|Win32
		{E53B0C2E-08C1-4AE1-8229-ADC928F2F1E3}.Debug|x64.ActiveCfg = Debug|x64
		{E53B0C2E-08C1-4AE1-8229-ADC928F2F1E3}.Debug|x64.Build.0 = Debug|x64
		{E53B0C2E-08C1-4AE1-8229-ADC928F2F1E3}.Debug|x86.ActiveCfg = Debug|Win32
		{E53B0C2E-08C1-4AE1-8229-ADC928F2F1E3}.Debug|x86.Build.0 = Debug|Win32
		{E53B0C2E-08C1-4AE1-8229-ADC928F2F1E3}.Release|x64.ActiveCfg = Release|x64
		{E53B0C2E-08C1-4AE1-8229-ADC928F2F1E3}.Release|x64.Build.0 = Release|x64
		{E53B0C2E-08C1-4AE1-8229-ADC928F2F1E3}.Release|x86.ActiveCfg = Release|Win32
		{E53B0C2E-08C1-4AE1-8229-ADC928F2F1E3}.Release|x86.Build.0 = Release|Win32
		{B53022E4-9B9D-4066-9DFB-B6EEA27BF90D}.Debug|x64.ActiveCfg = Debug|x64
		{B53022E4-9B9D-4066-9DFB-B6EEA27BF90D}.Debug|x64.Build.0 = Debug|x64
		{B53022E4-9B9D-4066-9DFB-B6EEA27BF90D}.Debug|x86.ActiveCfg = Debug|Win32
		{B53022E4-9B9D-4066-9DFB-B6EEA27BF90D}.Debug|x86.Build.0 = Debug|Win32
		{B53022E4-9B9D-4066-9DFB-B6EEA27BF90D}.Release|x64.ActiveCfg = Release|x64
		{B53022E4-9B9D-4066-9DFB-B6EEA27BF90D}.Release|x64.Build.0 = Release|x64
		{B53022E4-9B9D-4066-9DFB-B6EEA27BF90D}.Release|x86.ActiveCfg = Release|Win32
		{B53022E4-9B9D-4066-9DFB-B6EEA27BF90D}.Release|x86.Build.0 = Release|Win32
		{81CA4D38-B6E0-45A5-8D14-1AEA96B5FE4D}.Debug|x64.ActiveCfg = Debug|x64
		{81CA4D38-B6E0-45A5-8D14-1AEA96B5FE4D}.Debug|x64.Build.0 = Debug|x64
		{81CA4D38-B6E0-45A5-8D14-1AEA96B5FE4D}.Debug|x86.ActiveCfg = Debug|Win32
		{81CA4D38-B6E0-45A5-8D14-1AEA96B5FE4D}.Debug|x86.Build.0 = Debug|Win32
		{81CA4D38-B6E0-45A5-8D14-1AEA96B5FE4D}.Release|x64.ActiveCfg = Release|x64
		{81CA4D38-B6E0-45A5-8D14-1AEA96B5FE4D}.Release|x64.Build.0 = Release|x64
		{81CA4D38-B6E0-45A5-8D14-1AEA96B5FE4D}.Release|x86.ActiveCfg = Release|Win32
		{81CA4D38-B6E0-45A5-8D14-1AEA96B5FE4D}.Release|x86.Build.0 = Release|Win32
		{35081B56-BD5F-47AB-ABE2-7E463E800229}.Debug|x64.ActiveCfg = Debug|x64
		{35081B56-BD5F-47AB-ABE2-7E463E800229}.Debug|x64.Build.0 = Debug|x64
		{35081B56-BD5F-47AB-ABE2-7E463E800229}.Debug|x86.ActiveCfg = Debug|Win32
		{35081B56-BD5F-47AB-ABE2-7E463E800229}.Debug|x86.Build.0 = Debug|Win32
		{35081B56-BD5F-47AB-ABE2-7E463E800229}.Release|x64.ActiveCfg = Release|x64
		{35081B56-BD5F-47AB-ABE2-7E463E800229}.Release|x64.Build.0 = Release|x64
		{35081B56-BD5F-47AB-ABE2-7E463E800229}.Release|x86.ActiveCfg = Release|Win32
		{35081B56-BD5F-47AB-ABE2-7E463E800229}.Release|x86.Build.0 = Release|Win32
		{0C0874D4-0C0A-44D1-8F15-70101CB96F53}.Debug|x64.ActiveCfg = Debug|x64
		{0C0874D4-0C0A-44D1-8F15-70101CB96F53}.Debug|x64.Build.0 = Debug|x64
		{0C0874D4-0C0A-44D1-8F15-70101CB96F53}.Debug|x86.ActiveCfg = Debug|Win32
		{0C0874D4-0C0A-44D1-8F15-70101CB96F53}.Debug|x86.Build.0 = Debug|Win32
		{0C0874D4-0C0A-44D1-8F15-70101CB96F53}.Release|x64.ActiveCfg = Release|x64
		{0C0874D4-0C0A-44D1-8F15-70101CB96F53}.Release|x64.Build.0 = Release|x64
		{0C0874D4-0C0A-44D1-8F15-70101CB96F53}.Release|x86.ActiveCfg = Release|Win32
		{0C0874D4-0C0A-44D1-8F15-70101CB96F53}.Release|x86.Build.0 = Release|Win32
		{9FC5A181-DD6E-42C1-8A8B-D24FE86BBC1E}.Debug|x64.ActiveCfg = Debug|x64
		{9FC5A181-DD6E-42C1-8A8B-D24FE86BBC1E}.Debug|x64.Build.0 = Debug|x64
		{9FC5A181-DD6E-42C1-8A8B-D24FE86BBC1E}.Debug|x86.ActiveCfg = Debug|Win32
		{9FC5A181-DD6E-42C1-8A8B-D24FE86BBC1E}.Debug|x86.Build.0 = Debug|Win32
		{9FC5A181-DD6E-42C1-8A8B-D24FE86BBC1E}.Release|x64.ActiveCfg = Release|x64
		{9FC5A181-DD6E-42C1-8A8B-D24FE86BBC1E}.Release|x64.Build.0 = Release|x64
		{9FC5A181-DD6E-42C1-8A8B-D24FE86BBC1E}.Release|x86.ActiveCfg = Release|Win32
		{9FC5A181-DD6E-42C1-8A8B-D24FE86BBC1E}.Release|x86.Build.0 = Release|Win32
		{D30FF74D-EF12-4F4A-9A1E-3F3282EA2C76}.Debug|x64.ActiveCfg = Debug|x64
		{D30FF74D-EF12-4F4A-9A1E-3F3282EA2C76}.Debug|x64.Build.0 = Debug|x64
		{D30FF74D-EF12-4F4A-9A1E-3F3282EA2C76}.Debug|x86.ActiveCfg = Debug|Win32
		{D30FF74D-EF12-4F4A-9A1E-3F3282EA2C76}.Debug|x86.Build.0 = Debug|Win32
		{D30FF74D-EF12-4F4A-9A1E-3F3282EA2C76}.Release|x64.ActiveCfg = Release|x64
		{D30FF74D-EF12-4F4A-9A1E-3F3282EA2C76}.Release|x64.Build.0 = Release|x64
		{D30FF74D-EF12-4F4A-9A1E-3F3282EA2C76}.Release|x86.ActiveCfg = Release|Win32
		{D30FF74D-EF12-4F4A-9A1E-3F3282EA2C76}.Release|x86.Build.0 = Release|Win32
		{E7E46232-DD8A-4A86-A710-8F5BDE3D022F}.Debug|x64.ActiveCfg = Debug|x64
		{E7E46232-DD8A-4A86-A710-8F5BDE3D022F}.Debug|x64.Build.0 = Debug|x64
		{E7E46232-DD8A-4A86-A710-8F5BDE3D022F}.Debug|x86.ActiveCfg = Debug|Win32
		{E7E46232-DD8A-4A86-A710-8F5BDE3D022F}.Debug|x86.Build.0 = Debug|Win32
		{E7E46232-DD8A-4A86-A710-8F5BDE3D022F}.Release|x64.ActiveCfg = Release|x64
		{E7E46232-DD8A-4A86-A710-8F5BDE3D022F}.Release|x64.Build.0 = Release|x64
		{E7E46232-DD8A-4A86-A710-8F5BDE3D022F}.Release|x86.ActiveCfg = Release|Win32
		{E7E46232-DD8A-4A86-A710-8F5BDE3D022F}.Release|x86.Build.0 = Release|Win32
		{9522DD48-301F-4FB7-A970-8C306B1BAE83}.Debug|x64.ActiveCfg = Debug|x64
		{9522DD48-301F-4FB7-A970-8C306B1BAE83}.Debug|x64.Build.0 = Debug|x64
		{9522DD48-301F-4FB7-A970-8C306B1BAE83}.Debug|x86.ActiveCfg = Debug|Win32
		{9522DD48-301F-4FB7-A970-8C306B1BAE83}.Debug|x86.Build.0 = Debug|Win32
		{9522DD48-301F-4FB7-A970-8C306B1BAE83}.Release|x64.ActiveCfg = Release|x64
		{9522DD48-301F-4FB7-A970-8C306B1BAE83}.Release|x64.Build.0 = Release|x64
		{9522DD48-301F-4FB7-A970-8C306B1BAE83}.Release|x86.ActiveCfg = Release|Win32
		{9522DD48-301F-4FB7-A970-8C306B1BAE83}.Release|x86.Build.0 = Release|Win32
		{6BC08DB1-4A60-4EE3-BB26-BB15FA583981}.Debug|x64.ActiveCfg = Debug|x64
		{6BC08DB1-4A60-4EE3-BB26-BB15FA583981}.Debug|x64.Build.0 = Debug|x64
		{6BC08DB1-4A60-4EE3-BB26-BB15FA583981}.Debug|x86.ActiveCfg = Debug|Win32
		{6BC08DB1-4A60-4EE3-BB26-BB15FA583981}.Debug|x86.Build.0 = Debug|Win32
		{6BC08DB1-4A60-4EE3-BB26-BB15FA583981}.Release|x64.ActiveCfg = Release|x64
		{6BC08DB1-4A60-4EE3-BB26-BB15FA583981}.Release|x64.Build.0 = Release|x64
		{6BC08DB1-4A60-4EE3-BB26-BB15FA583981}.Release|x86.ActiveCfg = Release|Win32
		{6BC08DB1-4A60-4EE3-BB26-BB15FA583981}.Release|x86.Build.0 = Release|Win32
		{D1DEDA88-0098-44EF-B28B-727C5EBA2D82}.Debug|x64.ActiveCfg = Debug|x64
		{D1DEDA88-0098-44EF-B28B-727C5EBA2D82}.Debug|x64.Build.0 = Debug|x64
		{D1DEDA88-0098-44EF-B28B-727C5EBA2D82}.Debug|x86.ActiveCfg = Debug|Win32
		{D1DEDA88-0098-44EF-B28B-727C5EBA2D82}.Debug|x86.Build.0 = Debug|Win32
		{D1DEDA88-0098-44EF-B28B-727C5EBA2D82}.Release|x64.ActiveCfg = Release|x64
		{D1DEDA88-0098-44EF-B28B-727C5EBA2D82}.Release|x64.Build.0 = Release|x64
		{D1DEDA88-0098-44EF-B28B-727C5EBA2D82}.Release|x86.ActiveCfg = Release|Win32
		{D1DEDA88-0098-44EF-B28B-727C5EBA2D82}.Release|x86.Build.0 = Release|Win32
		{DA9AA96E-9C65-4493-8DFB-98A27D9678C9}.Debug|x64.ActiveCfg = Debug|x64
		{DA9AA96E-9C65-4493-8DFB-98A27D9678C9}.Debug|x64.Build.0 = Debug|x64
		{DA9AA96E-9C65-4493-8DFB-98A27D9678C9}.Debug|x86.ActiveCfg = Debug|Win32
		{DA9AA96E-9C65-4493-8DFB-98A27D9678C9}.Debug|x86.Build.0 = Debug|Win32
		{DA9AA96E-9C65-4493-8DFB-98A27D9678C9}.Release|x64.ActiveCfg = Release|x64
		{DA9AA96E-9C65-4493-8DFB-98A27D9678C9}.Release|x64.Build.0 = Release|x64
		{DA9AA96E-9C65-4493-8DFB-98A27D9678C9}.Release|x86.ActiveCfg = Release|Win32
		{DA9AA96E-9C65-4493-8DFB-98A27D9678C9}.Release|x86.Build.0 = Release|Win32
		{0E05C547-7DBA-43CB-9A37-DFB94BD09674}.Debug|x64.ActiveCfg = Debug|x64
		{0E05C547-7DBA-43CB-9A37-DFB94BD09674}.Debug|x64.Build.0 = Debug|x64
		{0E05C547-7DBA-43CB-9A37-DFB94BD09674}.Debug|x86.ActiveCfg = Debug|Win32
		{0E05C547-7DBA-43CB-9A37-DFB94BD09674}.Debug|x86.Build.0 = Debug|Win32
		{0E05C547-7DBA-43CB-9A37-DFB94BD09674}.Release|x64.ActiveCfg = Release|x64
		{0E05C547-7DBA-43CB-9A37-DFB94BD09674}.Release|x64.Build.0 = Release|x64
		{0E05C547-7DBA-43CB-9A37-DFB94BD09674}.Release|x86.ActiveCfg = Release|Win32
		{0E05C547-7DBA-43CB-9A37-DFB94BD09674}.Release|x86.Build.0 = Release|Win32
		{7E16D150-866D-4EAE-B9C4-007753CA07A6}.Debug|x64.ActiveCfg = Debug|x64
		{7E16D150-866D-4EAE-B9C4-007753CA07A6}.Debug|x64.Build.0 = Debug|x64
		{7E16D150-866D-4EAE-B9C4-007753CA07A6}.Debug|x86.ActiveCfg = Debug|Win32
		{7E16D150-866D-4EAE-B9C4-007753CA07A6}.Debug|x86.Build.0 = Debug|Win32
		{7E16D150-866D-4EAE-B9C4-007753CA07A6}.Release|x64.ActiveCfg = Release|x64
		{7E16D150-866D-4EAE-B9C4-007753CA07A6}.Release|x64.Build.0 = Release|x64
		{7E16D150-866D-4EAE-B9C4-007753CA07A6}.Release|x86.ActiveCfg = Release|Win32
		{7E16D150-866D-4EAE-B9C4-007753CA07A6}.Release|x86.Build.0 = Release|Win32
		{6CAC3782-F669-465A-B1F6-DE910140CCDA}.Debug|x64.ActiveCfg = Debug|x64
		{6CAC3782-F669-465A-B1F6-DE910140CCDA}.Debug|x64.Build.0 = Debug|x64
		{6CAC3782-F669-465A-B1F6-DE910140CCDA}.Debug|x86.ActiveCfg = Debug|Win32
		{6CAC3782-F669-465A-B1F6-DE910140CCDA}.Debug|x86.Build.0 = Debug|Win32
		{6CAC3782-F669-465A-B1F6-DE910140CCDA}.Release|x64.ActiveCfg = Release|x64
		{6CAC3782-F669-465A-B1F6-DE910140CCDA}.Release|x64.Build.0 = Release|x64
		{6CAC3782-F669-465A-B1F6-DE910140CCDA}.Release|x86.ActiveCfg = Release|Win32
		{6CAC3782-F669-465A-B1F6-DE910140CCDA}.Release|x86.Build.0 = Release|Win32
		{6D23EF0F-3136-4400-96BD-F59DD2DCFA4A}.Debug|x64.ActiveCfg = Debug|x64
		{6D23EF0F-3136-4400-96BD-F59DD2DCFA4A}.Debug|x64.Build.0 = Debug|x64
		{6D23EF0F-3136-4400-96BD-F59DD2DCFA4A}.Debug|x86.ActiveCfg = Debug|Win32
		{6D23EF0F-3136-4400-96BD-F59DD2DCFA4A}.Debug|x86.Build.0 = Debug|Win32
		{6D23EF0F-3136-4400-96BD-F59DD2DCFA4A}.Release|x64.ActiveCfg = Release|x64
		{6D23EF0F-3136-4400-96BD-F59DD2DCFA4A}.Release|x64.Build.0 = Release|x64
		{6D23EF0F-3136-4400-96BD-F59DD2DCFA4A}.Release|x86.ActiveCfg = Release|Win32
		{6D23EF0F-3136-4400-96BD-F59DD2DCFA4A}.Release|x86.Build.0 = Release|Win32
		{C0F9EABB-A5B8-4741-A717-02B034C8399B}.Debug|x64.ActiveCfg = Debug|x64
		{C0F9EABB-A5B8-4741-A717-02B034C8399B}.Debug|x64.Build.0 = Debug|x64
		{C0F9EABB-A5B8-4741-A717-02B034C8399B}.Debug|x86.ActiveCfg = Debug|Win32
		{C0F9EABB-A5B8-4741-A717-02B034C8399B}.Debug|x86.Build.0 = Debug|Win32
		{C0F9EABB-A5B8-4741-A717-02B034C8399B}.Release|x64.ActiveCfg = Release|x64
		{C0F9EABB-A5B8-4741-A717-02B034C8399B}.Release|x64.Build.0 = Release|x64
		{C0F9EABB-A5B8-4741-A717-02B034C8399B}.Release|x86.ActiveCfg = Release|Win32
		{C0F9EABB-A5B8-4741-A717-02B034C8399B}.Release|x86.Build.0 = Release|Win32
		{B986E91E-500D-42C7-B9E0-B637515CD7FC}.Debug|x64.ActiveCfg = Debug|x64
		{B986E91E-500D-42C7-B9E0-B637515CD7FC}.Debug|x64.Build.0 = Debug|x64
		{B986E91E-500D-42C7-B9E0-B637515CD7FC}.Debug|x86.ActiveCfg = Debug|Win32
		{B986E91E-500D-42C7-B9E0-B637515CD7FC}.Debug|x86.Build.0 = Debug|Win32
		{B986E91E-500D-42C7-B9E0-B637515CD7FC}.Release|x64.ActiveCfg = Release|x64
		{B986E91E-500D-42C7-B9E0-B637515CD7FC}.Release|x64.Build.0 = Release|x64
		{B986E91E-500D-42C7-B9E0-B637515CD7FC}.Release|x86.ActiveCfg = Release|Win32
		{B986E91E-500D-42C7-B9E0-B637515CD7FC}.Release|x86.Build.0 = Release|Win32
		{21C706A6-B5F0-4148-AF68-046C37B6963E}.Debug|x64.ActiveCfg = Debug|x64
		{21C706A6-B5F0-4148-AF68-046C37B6963E}.Debug|x64.Build.0 = Debug|x64
		{21C706A6-B5F0-4148-AF68-046C37B6963E}.Debug|x86.ActiveCfg = Debug|Win32
		{21C706A6-B5F0-4148-AF68-046C37B6963E}.Debug|x86.Build.0 = Debug|Win32
		{21C706A6-B5F0-4148-AF68-046C37B6963E}.Release|x64.ActiveCfg = Release|x64
		{21C706A6-B5F0-4148-AF68-046C37B6963E}.Release|x64.Build.0 = Release|x64
		{21C706A6-B5F0-4148-AF68-046C37B6963E}.Release|x86.ActiveCfg = Release|Win32
		{21C706A6-B5F0-4148-AF68-046C37B6963E}.Release|x86.Build.0 = Release|Win32
		{6B8D228A-826C-4713-9FED-325EBF24A40B}.Debug|x64.ActiveCfg = Debug|x64
		{6B8D228A-826C-4713-9FED-325EBF24A40B}.Debug|x64.Build.0 = Debug|x64
		{6B8D228A-826C-4713-9FED-325EBF24A40B}.Debug|x86.ActiveCfg = Debug|Win32
		{6B8D228A-826C-4713-9FED-325EBF24A40B}.Debug|x86.Build.0 = Debug|Win32
		{6B8D228A-826C-4713-9FED-325EBF24A40B}.Release|x64.ActiveCfg = Release|x64
		{6B8D228A-826C-4713-9FED-325EBF24A40B}.Release|x64.Build.0 = Release|x64
		{6B8D228A-826C-4713-9FED-325EBF24A40B}.Release|x86.ActiveCfg = Release|Win32
		{6B8D228A-826C-4713-9FED-325EBF24A40B}.Release|x86.Build.0 = Release|Win32
		{A785E275-CFCB-4621-BDCE-4EF76B0AD06F}.Debug|x64.ActiveCfg = Debug|x64
		{A785E275-CFCB-4621-BDCE-4EF76B0AD06F}.Debug|x64.Build.0 = Debug|x64
		{A785E275-CFCB-4621-BDCE-4EF76B0AD06F}.Debug|x86.ActiveCfg = Debug|Win32
		{A785E275-CFCB-4621-BDCE-4EF76B0AD06F}.Debug|x86.Build.0 = Debug|Win32
		{A785E275-CFCB-4621-BDCE-4EF76B0AD06F}.Release|x64.ActiveCfg = Release|x64
		{A785E275-CFCB-4621-BDCE-4EF76B0AD06F}.Release|x64.Build.0 = Release|x64
		{A785E275-CFCB-4621-BDCE-4EF76B0AD06F}.Release|x86.ActiveCfg = Release|Win32
		{A785E275-CFCB-4621-BDCE-4EF76B0AD06F}.Release|x86.Build.0 = Release|Win32
		{4F7426E5-1FC0-4AB3-A4A3-316D16A0A26A}.Debug|x64.ActiveCfg = Debug|x64
		{4F7426E5-1FC0-4AB3-A4A3-316D16A0A26A}.Debug|x64.Build.0 = Debug|x64
		{4F7426E5-1FC0-4AB3-A4A3-316D16A0A26A}.Debug|x86.ActiveCfg = Debug|Win32
		{4F7426E5-1FC0-4AB3-A4A3-316D16A0A26A}.Debug|x86.Build.0 = Debug|Win32
		{4F7426E5-1FC0-4AB3-A4A3-316D16A0A26A}.Release|x64.ActiveCfg = Release|x64
		{4F7426E5-1FC0-4AB3-A4A3-316D16A0A26A}.Release|x64.Build.0 = Release|x64
		{4F7426E5-1FC0-4AB3-A4A3-316D16A0A26A}.Release|x86.ActiveCfg = Release|Win32
		{4F7426E5-1FC0-4AB3-A4A3-316D16A0A26A}.Release|x86.Build.0 = Release|Win32
		{C44114B5-7360-43A0-92B8-F01555964776}.Debug|x64.ActiveCfg = Debug|x64
		{C44114B5-7360-43A0-92B8-F01555964776}.Debug|x64.Build.0 = Debug|x64
		{C44114B5-7360-43A0-92B8-F01555964776}.Debug|x86.ActiveCfg = Debug|Win32
		{C44114B5-7360-43A0-92B8-F01555964776}.Debug|x86.Build.0 = Debug|Win32
		{C44114B5-7360-43A0-92B8-F01555964776}.Release|x64.ActiveCfg = Release|x64
		{C44114B5-7360-43A0-92B8-F01555964776}.Release|x64.Build.0 = Release|x64
		{C44114B5-7360-43A0-92B8-F01555964776}.Release|x86.ActiveCfg = Release|Win32
		{C44114B5-7360-43A0-92B8-F01555964776}.Release|x86.Build.0 = Release|Win32
	EndGlobalSection
	GlobalSection(SolutionProperties) = preSolution
		HideSolutionNode = FALSE
	EndGlobalSection
	GlobalSection(NestedProjects) = preSolution
		{F0414377-F69C-46D8-9CC6-0D6E04873D5B} = {42AFB020-76E0-486E-9F30-01C1AB624185}
		{E53B0C2E-08C1-4AE1-8229-ADC928F2F1E3} = {F88E1D50-DDD7-4E03-8D83-06704E947A65}
		{81CA4D38-B6E0-45A5-8D14-1AEA96B5FE4D} = {9993C9E3-3AAA-4354-9A8A-7D85C59495AC}
		{35081B56-BD5F-47AB-ABE2-7E463E800229} = {79D511EB-2809-4CA3-B91C-E8949200E1C5}
		{0C0874D4-0C0A-44D1-8F15-70101CB96F53} = {79D511EB-2809-4CA3-B91C-E8949200E1C5}
		{F88E1D50-DDD7-4E03-8D83-06704E947A65} = {5F628718-5900-4CAA-BEF9-52D0D405158B}
		{42AFB020-76E0-486E-9F30-01C1AB624185} = {5F628718-5900-4CAA-BEF9-52D0D405158B}
		{9993C9E3-3AAA-4354-9A8A-7D85C59495AC} = {5F628718-5900-4CAA-BEF9-52D0D405158B}
		{9FC5A181-DD6E-42C1-8A8B-D24FE86BBC1E} = {33281ABA-70E1-4532-A156-026BAA021237}
		{D30FF74D-EF12-4F4A-9A1E-3F3282EA2C76} = {79D511EB-2809-4CA3-B91C-E8949200E1C5}
		{E7E46232-DD8A-4A86-A710-8F5BDE3D022F} = {79D511EB-2809-4CA3-B91C-E8949200E1C5}
		{9522DD48-301F-4FB7-A970-8C306B1BAE83} = {33281ABA-70E1-4532-A156-026BAA021237}
		{6BC08DB1-4A60-4EE3-BB26-BB15FA583981} = {5F628718-5900-4CAA-BEF9-52D0D405158B}
		{D1DEDA88-0098-44EF-B28B-727C5EBA2D82} = {A21F3DCC-D578-4CA2-9B06-313C601F9EFC}
		{DA9AA96E-9C65-4493-8DFB-98A27D9678C9} = {33281ABA-70E1-4532-A156-026BAA021237}
		{0E05C547-7DBA-43CB-9A37-DFB94BD09674} = {33281ABA-70E1-4532-A156-026BAA021237}
		{7E16D150-866D-4EAE-B9C4-007753CA07A6} = {81390408-5556-48E5-B842-4DEA04FA36ED}
		{6CAC3782-F669-465A-B1F6-DE910140CCDA} = {33281ABA-70E1-4532-A156-026BAA021237}
		{6D23EF0F-3136-4400-96BD-F59DD2DCFA4A} = {33281ABA-70E1-4532-A156-026BAA021237}
		{C0F9EABB-A5B8-4741-A717-02B034C8399B} = {81390408-5556-48E5-B842-4DEA04FA36ED}
		{B986E91E-500D-42C7-B9E0-B637515CD7FC} = {33281ABA-70E1-4532-A156-026BAA021237}
		{21C706A6-B5F0-4148-AF68-046C37B6963E} = {33281ABA-70E1-4532-A156-026BAA021237}
		{6B8D228A-826C-4713-9FED-325EBF24A40B} = {4BED67CA-D337-4A06-BC72-9EF7FEB8AD33}
		{A785E275-CFCB-4621-BDCE-4EF76B0AD06F} = {4BED67CA-D337-4A06-BC72-9EF7FEB8AD33}
		{4F7426E5-1FC0-4AB3-A4A3-316D16A0A26A} = {4BED67CA-D337-4A06-BC72-9EF7FEB8AD33}
		{C44114B5-7360-43A0-92B8-F01555964776} = {A21F3DCC-D578-4CA2-9B06-313C601F9EFC}
	EndGlobalSection
	GlobalSection(ExtensibilityGlobals) = postSolution
		SolutionGuid = {D2F7B4F0-90B2-427E-95EE-836C08908023}
	EndGlobalSection
EndGlobal
